
Microsoft Visual Studio Solution File, Format Version 12.00
# Visual Studio Version 17
VisualStudioVersion = 17.9.34607.119
MinimumVisualStudioVersion = 10.0.40219.1
Project("{9A19103F-16F7-4668-BE54-9A1E7A4F7556}") = "WebApi", "WebApi.csproj", "{D3B3A155-B085-471D-A164-BFDB1360DA22}"
EndProject
Project("{9A19103F-16F7-4668-BE54-9A1E7A4F7556}") = "Domain", "Domain\Domain.csproj", "{50186CC5-4278-4423-932C-98C4E56553DF}"
EndProject
Project("{9A19103F-16F7-4668-BE54-9A1E7A4F7556}") = "Service", "Service\Service.csproj", "{22D500B6-13FE-4776-9355-E2DD41DF4395}"
EndProject
Project("{9A19103F-16F7-4668-BE54-9A1E7A4F7556}") = "Tests", "Tests\Tests.csproj", "{5EAF3B52-DFCC-4187-8C62-C2EDE02C2802}"
EndProject
Project("{9A19103F-16F7-4668-BE54-9A1E7A4F7556}") = "Infrastructure", "Infrastructure\Infrastructure.csproj", "{96212EA1-D4C2-4FEE-8A3A-54637A600B8B}"
EndProject
Global
	GlobalSection(SolutionConfigurationPlatforms) = preSolution
		Debug|Any CPU = Debug|Any CPU
		Release|Any CPU = Release|Any CPU
	EndGlobalSection
	GlobalSection(ProjectConfigurationPlatforms) = postSolution
		{D3B3A155-B085-471D-A164-BFDB1360DA22}.Debug|Any CPU.ActiveCfg = Debug|Any CPU
		{D3B3A155-B085-471D-A164-BFDB1360DA22}.Debug|Any CPU.Build.0 = Debug|Any CPU
		{D3B3A155-B085-471D-A164-BFDB1360DA22}.Release|Any CPU.ActiveCfg = Release|Any CPU
		{D3B3A155-B085-471D-A164-BFDB1360DA22}.Release|Any CPU.Build.0 = Release|Any CPU
		{50186CC5-4278-4423-932C-98C4E56553DF}.Debug|Any CPU.ActiveCfg = Debug|Any CPU
		{50186CC5-4278-4423-932C-98C4E56553DF}.Debug|Any CPU.Build.0 = Debug|Any CPU
		{50186CC5-4278-4423-932C-98C4E56553DF}.Release|Any CPU.ActiveCfg = Release|Any CPU
		{50186CC5-4278-4423-932C-98C4E56553DF}.Release|Any CPU.Build.0 = Release|Any CPU
		{22D500B6-13FE-4776-9355-E2DD41DF4395}.Debug|Any CPU.ActiveCfg = Debug|Any CPU
		{22D500B6-13FE-4776-9355-E2DD41DF4395}.Debug|Any CPU.Build.0 = Debug|Any CPU
		{22D500B6-13FE-4776-9355-E2DD41DF4395}.Release|Any CPU.ActiveCfg = Release|Any CPU
		{22D500B6-13FE-4776-9355-E2DD41DF4395}.Release|Any CPU.Build.0 = Release|Any CPU
		{5EAF3B52-DFCC-4187-8C62-C2EDE02C2802}.Debug|Any CPU.ActiveCfg = Debug|Any CPU
		{5EAF3B52-DFCC-4187-8C62-C2EDE02C2802}.Debug|Any CPU.Build.0 = Debug|Any CPU
		{5EAF3B52-DFCC-4187-8C62-C2EDE02C2802}.Release|Any CPU.ActiveCfg = Release|Any CPU
		{5EAF3B52-DFCC-4187-8C62-C2EDE02C2802}.Release|Any CPU.Build.0 = Release|Any CPU
		{96212EA1-D4C2-4FEE-8A3A-54637A600B8B}.Debug|Any CPU.ActiveCfg = Debug|Any CPU
		{96212EA1-D4C2-4FEE-8A3A-54637A600B8B}.Debug|Any CPU.Build.0 = Debug|Any CPU
		{96212EA1-D4C2-4FEE-8A3A-54637A600B8B}.Release|Any CPU.ActiveCfg = Release|Any CPU
		{96212EA1-D4C2-4FEE-8A3A-54637A600B8B}.Release|Any CPU.Build.0 = Release|Any CPU
	EndGlobalSection
	GlobalSection(SolutionProperties) = preSolution
		HideSolutionNode = FALSE
	EndGlobalSection
	GlobalSection(ExtensibilityGlobals) = postSolution
		SolutionGuid = {3FB398D9-05AD-4767-9731-97C6AB246087}
	EndGlobalSection
EndGlobal
